
Microsoft Visual Studio Solution File, Format Version 12.00
# Visual Studio Version 16
VisualStudioVersion = 16.0.30517.126
MinimumVisualStudioVersion = 10.0.40219.1
Project("{FAE04EC0-301F-11D3-BF4B-00C04F79EFBC}") = "shops.web.mvc", "shops.web.mvc\shops.web.mvc.csproj", "{D9FF7A27-D936-4D6F-9C08-D3D60229E80E}"
EndProject
Global
	GlobalSection(SolutionConfigurationPlatforms) = preSolution
		Debug|Any CPU = Debug|Any CPU
		Release|Any CPU = Release|Any CPU
	EndGlobalSection
	GlobalSection(ProjectConfigurationPlatforms) = postSolution
		{D9FF7A27-D936-4D6F-9C08-D3D60229E80E}.Debug|Any CPU.ActiveCfg = Debug|Any CPU
		{D9FF7A27-D936-4D6F-9C08-D3D60229E80E}.Debug|Any CPU.Build.0 = Debug|Any CPU
		{D9FF7A27-D936-4D6F-9C08-D3D60229E80E}.Release|Any CPU.ActiveCfg = Release|Any CPU
		{D9FF7A27-D936-4D6F-9C08-D3D60229E80E}.Release|Any CPU.Build.0 = Release|Any CPU
	EndGlobalSection
	GlobalSection(SolutionProperties) = preSolution
		HideSolutionNode = FALSE
	EndGlobalSection
	GlobalSection(ExtensibilityGlobals) = postSolution
		SolutionGuid = {9F5BFA1A-2978-4369-BEFA-518AB39CDDEC}
	EndGlobalSection
EndGlobal
